# This file is generated by running "yarn install" inside your project.
# Manual changes might be lost - proceed with caution!

__metadata:
  version: 4
  cacheKey: 8

"@types/node@npm:*":
  version: 16.7.2
  resolution: "@types/node@npm:16.7.2"
  checksum: aef77c109e2fd93b5dc6ec0a57a0878aaaa58adf0e63d9618d67b116ad3f2a3eb2589a99deaf9fda4a0805068b2533e3d2cf8e8dc3572251c498ec3dc929a76c
  languageName: node
  linkType: hard

"@types/webidl-conversions@npm:*":
  version: 6.1.1
  resolution: "@types/webidl-conversions@npm:6.1.1"
  checksum: bd0faad4dfec232010d96a42fbd7b5ac4df557899050a6676a75d30ced8553f19e5a3c747fd2b4317f2810d4cf5d2d6dd47ad22ecfb9e6b21119aba678b8897f
  languageName: node
  linkType: hard

"@types/whatwg-url@npm:^8.2.1":
  version: 8.2.1
  resolution: "@types/whatwg-url@npm:8.2.1"
  dependencies:
    "@types/node": "*"
    "@types/webidl-conversions": "*"
  checksum: 975987a9ca14a8d5a883523acb4fa0df7760cd8ca8dee56cd57753821e56060bfbead94df84f4504fe0b4270776d81cbb40fcd1f8643dab86da3a9abe926fb5c
  languageName: node
  linkType: hard

"abort-controller@npm:^3.0.0":
  version: 3.0.0
  resolution: "abort-controller@npm:3.0.0"
  dependencies:
    event-target-shim: ^5.0.0
  checksum: 170bdba9b47b7e65906a28c8ce4f38a7a369d78e2271706f020849c1bfe0ee2067d4261df8bbb66eb84f79208fd5b710df759d64191db58cfba7ce8ef9c54b75
  languageName: node
  linkType: hard

"axios@npm:^0.21.1":
  version: 0.21.1
  resolution: "axios@npm:0.21.1"
  dependencies:
    follow-redirects: ^1.10.0
  checksum: c87915fa0b18c15c63350112b6b3563a3e2ae524d7707de0a73d2e065e0d30c5d3da8563037bc29d4cc1b7424b5a350cb7274fa52525c6c04a615fe561c6ab11
  languageName: node
  linkType: hard

"base64-js@npm:^1.3.1":
  version: 1.5.1
  resolution: "base64-js@npm:1.5.1"
  checksum: 669632eb3745404c2f822a18fc3a0122d2f9a7a13f7fb8b5823ee19d1d2ff9ee5b52c53367176ea4ad093c332fd5ab4bd0ebae5a8e27917a4105a4cfc86b1005
  languageName: node
  linkType: hard

"bson@npm:^4.2.2, bson@npm:^4.5.1":
  version: 4.5.1
  resolution: "bson@npm:4.5.1"
  dependencies:
    buffer: ^5.6.0
  checksum: e79cc7b0c1d655b760bfaffb3e0b56555ade4f47275b3ed5432c8e6227c3373ff00b11cba2e32f716b739044eff3ed21ef0a68d54e5b46074d62e39d08742034
  languageName: node
  linkType: hard

"buffer-alloc-unsafe@npm:^1.1.0":
  version: 1.1.0
  resolution: "buffer-alloc-unsafe@npm:1.1.0"
  checksum: c5e18bf51f67754ec843c9af3d4c005051aac5008a3992938dda1344e5cfec77c4b02b4ca303644d1e9a6e281765155ce6356d85c6f5ccc5cd21afc868def396
  languageName: node
  linkType: hard

"buffer-alloc@npm:^1.2.0":
  version: 1.2.0
  resolution: "buffer-alloc@npm:1.2.0"
  dependencies:
    buffer-alloc-unsafe: ^1.1.0
    buffer-fill: ^1.0.0
  checksum: 560cd27f3cbe73c614867da373407d4506309c62fe18de45a1ce191f3785ec6ca2488d802ff82065798542422980ca25f903db078c57822218182c37c3576df5
  languageName: node
  linkType: hard

"buffer-fill@npm:^1.0.0":
  version: 1.0.0
  resolution: "buffer-fill@npm:1.0.0"
  checksum: c29b4723ddeab01e74b5d3b982a0c6828f2ded49cef049ddca3dac661c874ecdbcecb5dd8380cf0f4adbeb8cff90a7de724126750a1f1e5ebd4eb6c59a1315b1
  languageName: node
  linkType: hard

"buffer@npm:^5.6.0":
  version: 5.7.1
  resolution: "buffer@npm:5.7.1"
  dependencies:
    base64-js: ^1.3.1
    ieee754: ^1.1.13
  checksum: e2cf8429e1c4c7b8cbd30834ac09bd61da46ce35f5c22a78e6c2f04497d6d25541b16881e30a019c6fd3154150650ccee27a308eff3e26229d788bbdeb08ab84
  languageName: node
  linkType: hard

"cryptobot@workspace:.":
  version: 0.0.0-use.local
  resolution: "cryptobot@workspace:."
  dependencies:
    axios: ^0.21.1
    dotenv: ^10.0.0
    moment: ^2.29.1
    mongoose: ^6.0.0
    telegraf: ^4.4.1
  languageName: unknown
  linkType: soft

"debug@npm:4.x, debug@npm:^4.3.1":
  version: 4.3.2
  resolution: "debug@npm:4.3.2"
  dependencies:
    ms: 2.1.2
  peerDependenciesMeta:
    supports-color:
      optional: true
  checksum: 820ea160e267e23c953c9ed87e7ad93494d8cda2f7349af5e7e3bb236d23707ee3022f477d5a7d2ee86ef2bf7d60aa9ab22d1f58080d7deb9dccd073585e1e43
  languageName: node
  linkType: hard

"denque@npm:^1.5.0":
  version: 1.5.1
  resolution: "denque@npm:1.5.1"
  checksum: 4375ad19d5cea99f90effa82a8cecdaa10f4eb261fbcd7e47cd753ff2737f037aac8f7f4e031cc77f3966314c491c86a0d3b20c128aeee57f791b4662c45108e
  languageName: node
  linkType: hard

"dotenv@npm:^10.0.0":
  version: 10.0.0
  resolution: "dotenv@npm:10.0.0"
  checksum: f412c5fe8c24fbe313d302d2500e247ba8a1946492db405a4de4d30dd0eb186a88a43f13c958c5a7de303938949c4231c56994f97d05c4bc1f22478d631b4005
  languageName: node
  linkType: hard

"event-target-shim@npm:^5.0.0":
  version: 5.0.1
  resolution: "event-target-shim@npm:5.0.1"
  checksum: 1ffe3bb22a6d51bdeb6bf6f7cf97d2ff4a74b017ad12284cc9e6a279e727dc30a5de6bb613e5596ff4dc3e517841339ad09a7eec44266eccb1aa201a30448166
  languageName: node
  linkType: hard

"follow-redirects@npm:^1.10.0":
  version: 1.14.2
  resolution: "follow-redirects@npm:1.14.2"
  peerDependenciesMeta:
    debug:
      optional: true
  checksum: 53195df4a2f36202177f40a2d59d497d630f3b20e2e51e2b697ee5f9c0a5261985f164b23d3744a574e117618af668d07c0d000c2c5cb0c1546851671585ac4e
  languageName: node
  linkType: hard

"ieee754@npm:^1.1.13":
  version: 1.2.1
  resolution: "ieee754@npm:1.2.1"
  checksum: 5144c0c9815e54ada181d80a0b810221a253562422e7c6c3a60b1901154184f49326ec239d618c416c1c5945a2e197107aee8d986a3dd836b53dffefd99b5e7e
  languageName: node
  linkType: hard

"kareem@npm:2.3.2":
  version: 2.3.2
  resolution: "kareem@npm:2.3.2"
  checksum: 61ee3adb273e3e999eae731119bd74e40fd01ffef585b4e47756ca29dfc939a03c6a1dd8a43f2a864e599c3716e00404d1812e685b32ec7f9c52d6cedf2f2fcb
  languageName: node
  linkType: hard

"memory-pager@npm:^1.0.2":
  version: 1.5.0
  resolution: "memory-pager@npm:1.5.0"
  checksum: d1a2e684583ef55c61cd3a49101da645b11ad57014dfc565e0b43baa9004b743f7e4ab81493d8fff2ab24e9950987cc3209c94bcc4fc8d7e30a475489a1f15e9
  languageName: node
  linkType: hard

"minimist@npm:^1.2.5":
  version: 1.2.5
  resolution: "minimist@npm:1.2.5"
  checksum: 86706ce5b36c16bfc35c5fe3dbb01d5acdc9a22f2b6cc810b6680656a1d2c0e44a0159c9a3ba51fb072bb5c203e49e10b51dcd0eec39c481f4c42086719bae52
  languageName: node
  linkType: hard

"module-alias@npm:^2.2.2":
  version: 2.2.2
  resolution: "module-alias@npm:2.2.2"
  checksum: 4b5543f834b484033e5bd184096ca8276b9195e32e88883ee6ea8d3a4789d97c470d26f5fa7271bd7a26588bf67e4d27dbdb594ee327aef1c9619d855dc78342
  languageName: node
  linkType: hard

"moment@npm:^2.29.1":
  version: 2.29.1
  resolution: "moment@npm:2.29.1"
  checksum: 1e14d5f422a2687996be11dd2d50c8de3bd577c4a4ca79ba5d02c397242a933e5b941655de6c8cb90ac18f01cc4127e55b4a12ae3c527a6c0a274e455979345e
  languageName: node
  linkType: hard

"mongodb-connection-string-url@npm:^2.0.0":
  version: 2.0.0
  resolution: "mongodb-connection-string-url@npm:2.0.0"
  dependencies:
    "@types/whatwg-url": ^8.2.1
    whatwg-url: ^9.1.0
  checksum: e2823fb107d15a6a1eeb14c16ab897e8aa1d1f3b5727e9e072ba98c864b257a4c605fb740a160eacad1db6e1ed8f08ce893f113853de539285a25e69d9ab4e17
  languageName: node
  linkType: hard

"mongodb@npm:4.1.1":
  version: 4.1.1
  resolution: "mongodb@npm:4.1.1"
  dependencies:
    bson: ^4.5.1
    denque: ^1.5.0
    mongodb-connection-string-url: ^2.0.0
    saslprep: ^1.0.0
  dependenciesMeta:
    saslprep:
      optional: true
  checksum: 242cc95b90d9f3a00a0bcacabf9afad1affdd27c7ed3288875317cfccff37669c4c3e4abe0b5b4cb11fa9f77d2f9fcb1e4f5858428bd70c9230de76960927c6f
  languageName: node
  linkType: hard

"mongoose@npm:^6.0.0":
  version: 6.0.1
  resolution: "mongoose@npm:6.0.1"
  dependencies:
    bson: ^4.2.2
    kareem: 2.3.2
    mongodb: 4.1.1
    mpath: 0.8.3
    mquery: 4.0.0
    ms: 2.1.2
    regexp-clone: 1.0.0
    sift: 13.5.2
    sliced: 1.0.1
  checksum: e20b1b49dafae2963e7d0df4e92f78405264ff7782014f28f6d2bca4ea0ab02715fb42a6962677d5a6b5bc1ee03315de916aa5a0cb92677f5632f7111202b010
  languageName: node
  linkType: hard

"mpath@npm:0.8.3":
  version: 0.8.3
  resolution: "mpath@npm:0.8.3"
  checksum: 541032316f883abd8e4a8042686e8aa013598abb292fd420f76895706dc537d5ace6beef153d6e1a14557eef74e326f4a903d47d7674e29c49b00aeceb16da86
  languageName: node
  linkType: hard

"mquery@npm:4.0.0":
  version: 4.0.0
  resolution: "mquery@npm:4.0.0"
  dependencies:
    debug: 4.x
    regexp-clone: ^1.0.0
    sliced: 1.0.1
  checksum: bfa776dfe67bb821a8199e02c01e51ca53020c552f3a7a137520e2ce3283b62ba05b50322d173d46f0e04b5eab0e2bdb5003e61019680e267c4776fe866b6306
  languageName: node
  linkType: hard

"ms@npm:2.1.2":
  version: 2.1.2
  resolution: "ms@npm:2.1.2"
  checksum: 673cdb2c3133eb050c745908d8ce632ed2c02d85640e2edb3ace856a2266a813b30c613569bf3354fdf4ea7d1a1494add3bfa95e2713baa27d0c2c71fc44f58f
  languageName: node
  linkType: hard

"node-fetch@npm:^2.6.1":
  version: 2.6.1
  resolution: "node-fetch@npm:2.6.1"
  checksum: 91075bedd57879117e310fbcc36983ad5d699e522edb1ebcdc4ee5294c982843982652925c3532729fdc86b2d64a8a827797a745f332040d91823c8752ee4d7c
  languageName: node
  linkType: hard

"p-timeout@npm:^4.1.0":
  version: 4.1.0
  resolution: "p-timeout@npm:4.1.0"
  checksum: 321fec524c23a754e3f1487f2b0a5516fd32aba960d5610490eac56f8a0114b549a93f9919ffc05aa68956dc52e8330e0519f3ddf951d208d19c845f9cd778de
  languageName: node
  linkType: hard

"punycode@npm:^2.1.1":
  version: 2.1.1
  resolution: "punycode@npm:2.1.1"
  checksum: 823bf443c6dd14f669984dea25757b37993f67e8d94698996064035edd43bed8a5a17a9f12e439c2b35df1078c6bec05a6c86e336209eb1061e8025c481168e8
  languageName: node
  linkType: hard

"regexp-clone@npm:1.0.0, regexp-clone@npm:^1.0.0":
  version: 1.0.0
  resolution: "regexp-clone@npm:1.0.0"
  checksum: ca4960bbdc4237c84813b12aed351606be7db60a8c8867ef46b44f00eec4e83f51b31de34e294900517db9d7a39636117af80916f6ce7dc45ea00cae3c6d6fc3
  languageName: node
  linkType: hard

"safe-compare@npm:^1.1.4":
  version: 1.1.4
  resolution: "safe-compare@npm:1.1.4"
  dependencies:
    buffer-alloc: ^1.2.0
  checksum: 8c0a08f7a2bec1b33400e17bb7cce40ebe0e53902dbba13735e0131fa432140650de2ab4750637623e02e28edab10fa439825b57a7e8b705cae1deb80a58e516
  languageName: node
  linkType: hard

"sandwich-stream@npm:^2.0.2":
  version: 2.0.2
  resolution: "sandwich-stream@npm:2.0.2"
  checksum: 666d3276e5390786a4ad69f04da472fb69940d1a279a22aebd49ae78ca8f12855503e69d71f77d4b415144a284ffa14efa811a097ad7df501a68c01438b91282
  languageName: node
  linkType: hard

"saslprep@npm:^1.0.0":
  version: 1.0.3
  resolution: "saslprep@npm:1.0.3"
  dependencies:
    sparse-bitfield: ^3.0.3
  checksum: 4fdc0b70fb5e523f977de405e12cca111f1f10dd68a0cfae0ca52c1a7919a94d1556598ba2d35f447655c3b32879846c77f9274c90806f6673248ae3cea6ee43
  languageName: node
  linkType: hard

"sift@npm:13.5.2":
  version: 13.5.2
  resolution: "sift@npm:13.5.2"
  checksum: 31951836c464b995b25f888876dea9c58c7a3eaa419d2ed271776d55db2d1019c6438ee458047d3c16bc93f0a329366dc535dc3a6afc42038949dc2a6a548f61
  languageName: node
  linkType: hard

"sliced@npm:1.0.1":
  version: 1.0.1
  resolution: "sliced@npm:1.0.1"
  checksum: 84528d23279985ead75809eeec5d601b0fb6bc28348c6627f4feb40747533a1e36a75e8bc60f9079528079b21c434890b397e8fc5c24a649165cc0bbe90b4d70
  languageName: node
  linkType: hard

"sparse-bitfield@npm:^3.0.3":
  version: 3.0.3
  resolution: "sparse-bitfield@npm:3.0.3"
  dependencies:
    memory-pager: ^1.0.2
  checksum: 174da88dbbcc783d5dbd26921931cc83830280b8055fb05333786ebe6fc015b9601b24972b3d55920dd2d9f5fb120576fbfa2469b08e5222c9cadf3f05210aab
  languageName: node
  linkType: hard

"telegraf@npm:^4.4.1":
  version: 4.4.1
  resolution: "telegraf@npm:4.4.1"
  dependencies:
    abort-controller: ^3.0.0
    debug: ^4.3.1
    minimist: ^1.2.5
    module-alias: ^2.2.2
    node-fetch: ^2.6.1
    p-timeout: ^4.1.0
    safe-compare: ^1.1.4
    sandwich-stream: ^2.0.2
    typegram: ^3.4.2
  bin:
    telegraf: bin/telegraf
  checksum: ad167172a12cd2a567ab78b3edfcc8d7d93f8170438143f21366336454f46a45ec60fb6c924365ab97c00ee2884b90ca99925d24c6432092614f8ecb09a2fa95
  languageName: node
  linkType: hard

"tr46@npm:^2.1.0":
  version: 2.1.0
  resolution: "tr46@npm:2.1.0"
  dependencies:
    punycode: ^2.1.1
  checksum: ffe6049b9dca3ae329b059aada7f515b0f0064c611b39b51ff6b53897e954650f6f63d9319c6c008d36ead477c7b55e5f64c9dc60588ddc91ff720d64eb710b3
  languageName: node
  linkType: hard

"typegram@npm:^3.4.2":
  version: 3.4.3
  resolution: "typegram@npm:3.4.3"
  checksum: 06d1a550b6f99c7fcb6885ebe0c9c3e5979b9b034cfb1299826d4506f4fe1ebfa956e7805f4fe5e56d98c517c941cacd69323e721acb0dfd6f4a01fdee8b41f5
  languageName: node
  linkType: hard

"webidl-conversions@npm:^6.1.0":
  version: 6.1.0
  resolution: "webidl-conversions@npm:6.1.0"
  checksum: 1f526507aa491f972a0c1409d07f8444e1d28778dfa269a9971f2e157182f3d496dc33296e4ed45b157fdb3bf535bb90c90bf10c50dcf1dd6caacb2a34cc84fb
  languageName: node
  linkType: hard

"whatwg-url@npm:^9.1.0":
  version: 9.1.0
  resolution: "whatwg-url@npm:9.1.0"
  dependencies:
    tr46: ^2.1.0
    webidl-conversions: ^6.1.0
  checksum: cfee81bb7f87036e1151da15cefd3076fa97a4a4a658c4b58f6e74891acf25f180aa955e761cda77995f6e260b8dc3c4326ebc83d539ed978a50062c6b3bd0d1
  languageName: node
  linkType: hard
